{
  "name": "2309-wns-jaune-wild-code-hub",
  "lockfileVersion": 2,
  "requires": true,
  "packages": {
    "": {
      "dependencies": {
        "@fontsource/source-sans-3": "^5.0.19"
      }
    },
    "node_modules/@fontsource/source-sans-3": {
      "version": "5.0.19",
      "resolved": "https://registry.npmjs.org/@fontsource/source-sans-3/-/source-sans-3-5.0.19.tgz",
      "integrity": "sha512-ubY+8u88suj6RoS4hMCzIguHWFc9ZYsrL1CvQMXx192dRuSwx/M+ezJVV2Db/qM44UlKmRJgCX4RvX2s5DDsVg=="
    }
  },
  "dependencies": {
    "@fontsource/source-sans-3": {
      "version": "5.0.19",
      "resolved": "https://registry.npmjs.org/@fontsource/source-sans-3/-/source-sans-3-5.0.19.tgz",
      "integrity": "sha512-ubY+8u88suj6RoS4hMCzIguHWFc9ZYsrL1CvQMXx192dRuSwx/M+ezJVV2Db/qM44UlKmRJgCX4RvX2s5DDsVg=="
    }
  }
}
